github.com/mlange-42/ark v0.8.3 h1:vgmV4EiwqYbW9adiO576zapzW/O0BhkuUT2IXlqJ43s=
github.com/mlange-42/ark v0.8.3/go.mod h1:gkS9cuklENPTmSjL2z4DcJgJsIVqF1yNwFlx48Hz/Sw=
github.com/mlange-42/ark-tools v0.3.1 h1:D86BBrbaHsM6yMTfEvm/VH2dDCntuu4f3GW82q9pU2M=
github.com/mlange-42/ark-tools v0.3.1/go.mod h1:ukUgVqzix8pFDuX1LXaP76rtAJOpkSgsWmr2hzq9YgA=
