github.com/go-gl/gl v0.0.0-20231021071112-07e5d0ea2e71 h1:5BVwOaUSBTlVZowGO6VZGw2H/zl9nrd3eCZfYV+NfQA=
github.com/go-gl/gl v0.0.0-20231021071112-07e5d0ea2e71/go.mod h1:9YTyiznxEY1fVinfM7RvRcjRHbw2xLBJ3AAGIT0I4Nw=
github.com/go-gl/glfw/v3.3/glfw v0.0.0-20240506104042-037f3cc74f2a h1:vxnBhFDDT+xzxf1jTJKMKZw3H0swfWk9RpWbBbDK5+0=
github.com/go-gl/glfw/v3.3/glfw v0.0.0-20240506104042-037f3cc74f2a/go.mod h1:tQ2UAYgL5IevRw8kRxooKSPJfGvJ9fJQFa0TUsXzTg8=
github.com/go-gl/mathgl v1.2.0 h1:v2eOj/y1B2afDxF6URV1qCYmo1KW08lAMtTbOn3KXCY=
github.com/go-gl/mathgl v1.2.0/go.mod h1:pf9+b5J3LFP7iZ4XXaVzZrCle0Q/vNpB/vDe5+3ulRE=
github.com/gopxl/glhf/v2 v2.1.0 h1:IUydEPsxFVsfEu7mIWJBc9KSy/B5aXOXW/uHyRKUiAg=
github.com/gopxl/glhf/v2 v2.1.0/go.mod h1:InKwj5OoVdOAkpzsS0ILwpB+RrWBLw1i7aFefiGmrp8=
github.com/gopxl/mainthread/v2 v2.1.1 h1:S7jIvQZth9s2k8qFePOxtEgtZLzW/Yjykum2mscGr0o=
github.com/gopxl/mainthread/v2 v2.1.1/go.mod h1:RLdqSRamocAGPzK9P4HsZf+WXL5bfHHtX78O6GkKaUw=
github.com/gopxl/pixel/v2 v2.1.0 h1:kqCWXxSlIhz1gFNOaHt5/JN4f5a6ze4Lto0KAj53Ug8=
github.com/gopxl/pixel/v2 v2.1.0/go.mod h1:CW+IT9K0F1N3govjPTWmh3DHcF28nHPjvsF3oFDCJ9U=
github.com/mlange-42/ark v0.8.3 h1:vgmV4EiwqYbW9adiO576zapzW/O0BhkuUT2IXlqJ43s=
github.com/mlange-42/ark v0.8.3/go.mod h1:gkS9cuklENPTmSjL2z4DcJgJsIVqF1yNwFlx48Hz/Sw=
github.com/mlange-42/ark-pixel v0.1.6 h1:DeTmlZNQKza62tt2wNSTrZhYmLz3PojhjCWMYu8FVxI=
github.com/mlange-42/ark-pixel v0.1.6/go.mod h1:yXJxkIz8wGDjRd4Awafo9r04P6hvFNx+Uukb6W/BPnE=
github.com/mlange-42/ark-tools v0.3.1 h1:D86BBrbaHsM6yMTfEvm/VH2dDCntuu4f3GW82q9pU2M=
github.com/mlange-42/ark-tools v0.3.1/go.mod h1:ukUgVqzix8pFDuX1LXaP76rtAJOpkSgsWmr2hzq9YgA=
github.com/pkg/errors v0.9.1 h1:FEBLx1zS214owpjy7qsBeixbURkuhQAwrK5UwLGTwt4=
github.com/pkg/errors v0.9.1/go.mod h1:bwawxfHBFNV+L2hUp1rHADufV3IMtnDRdf1r5NINEl0=
github.com/stretchr/testify v1.12.1 h1:EuwCh5fleGS7H32xRwO3wRGT7DxrDhLAT6FF8MpWDWE=
github.com/stretchr/testify v1.12.1/go.mod h1:MDEgiDPPsNp5cuIrHPPCyornHKgEVbtFUmoNlxoYthg=
go.yaml.in/yaml/v3 v3.0.5 h1:N6y/pJk8buWs9NY5ERU2HSMfm+IuD/OtfdAnq6kESPw=
go.yaml.in/yaml/v3 v3.0.5/go.mod h1:HVTZu1O7/Vkt2N+BFy8Zza+lnLsABggaTM2ZpNIGuKg=
golang.org/x/image v0.39.0 h1:skVYidAEVKgn8lZ602XO75asgXBgLj9G/FE3RbuPFww=
golang.org/x/image v0.39.0/go.mod h1:sIbmppfU+xFLPIG0FoVUTvyBMmgng1/XAMhQ2ft0hpA=
